
Microsoft Visual Studio Solution File, Format Version 12.00
# Visual Studio Version 17
VisualStudioVersion = 17.6.33723.286
MinimumVisualStudioVersion = 10.0.40219.1
Project("{FAE04EC0-301F-11D3-BF4B-00C04F79EFBC}") = "1", "1.csproj", "{CBE16990-E035-4548-9153-63F44D0BA3BD}"
EndProject
Global
	GlobalSection(SolutionConfigurationPlatforms) = preSolution
		Debug|Any CPU = Debug|Any CPU
		Release|Any CPU = Release|Any CPU
	EndGlobalSection
	GlobalSection(ProjectConfigurationPlatforms) = postSolution
		{CBE16990-E035-4548-9153-63F44D0BA3BD}.Debug|Any CPU.ActiveCfg = Debug|Any CPU
		{CBE16990-E035-4548-9153-63F44D0BA3BD}.Debug|Any CPU.Build.0 = Debug|Any CPU
		{CBE16990-E035-4548-9153-63F44D0BA3BD}.Release|Any CPU.ActiveCfg = Release|Any CPU
		{CBE16990-E035-4548-9153-63F44D0BA3BD}.Release|Any CPU.Build.0 = Release|Any CPU
	EndGlobalSection
	GlobalSection(SolutionProperties) = preSolution
		HideSolutionNode = FALSE
	EndGlobalSection
	GlobalSection(ExtensibilityGlobals) = postSolution
		SolutionGuid = {A1579A9B-5403-430D-9B92-1448035989E9}
	EndGlobalSection
EndGlobal
